{
  "name": "fast-restapi2",
  "version": "2.0.5",
  "lockfileVersion": 1,
  "requires": true,
  "dependencies": {
    "@types/node": {
      "version": "11.15.29",
      "resolved": "https://registry.npmjs.org/@types/node/-/node-11.15.29.tgz",
      "integrity": "sha512-qX3rjMp9f9SiectkYjMz66Yvoyte3W8gRPQ6wmNjtt/Y7tHP/okNE2mFCvaMY/fCgWJsNRSmHfe6Oo0CsjZgdA==",
      "dev": true
    },
    "async": {
      "version": "0.9.2",
      "resolved": "https://registry.npmjs.org/async/-/async-0.9.2.tgz",
      "integrity": "sha1-rqdNXmHB+JlhO/ZL2mbUx48v0X0=",
      "dev": true
    },
    "combined-stream": {
      "version": "0.0.7",
      "resolved": "https://registry.npmjs.org/combined-stream/-/combined-stream-0.0.7.tgz",
      "integrity": "sha1-ATfmV7qlp1QcV6w3rF/AfXO03B8=",
      "dev": true,
      "requires": {
        "delayed-stream": "0.0.5"
      }
    },
    "delayed-stream": {
      "version": "0.0.5",
      "resolved": "https://registry.npmjs.org/delayed-stream/-/delayed-stream-0.0.5.tgz",
      "integrity": "sha1-1LH0OpPoKW3+AmlPRoC8N6MTxz8=",
      "dev": true
    },
    "form-data": {
      "version": "0.2.0",
      "resolved": "https://registry.npmjs.org/form-data/-/form-data-0.2.0.tgz",
      "integrity": "sha1-Jvi8JtpkQOKZy9z7aQNcT3em5GY=",
      "dev": true,
      "requires": {
        "async": "~0.9.0",
        "combined-stream": "~0.0.4",
        "mime-types": "~2.0.3"
      }
    },
    "formidable": {
      "version": "1.2.2",
      "resolved": "https://registry.npmjs.org/formidable/-/formidable-1.2.2.tgz",
      "integrity": "sha512-V8gLm+41I/8kguQ4/o1D3RIHRmhYFG4pnNyonvua+40rqcEmT4+V71yaZ3B457xbbgCsCfjSPi65u/W6vK1U5Q=="
    },
    "mime-db": {
      "version": "1.12.0",
      "resolved": "https://registry.npmjs.org/mime-db/-/mime-db-1.12.0.tgz",
      "integrity": "sha1-PQxjGA9FjrENMlqqN9fFiuMS6dc=",
      "dev": true
    },
    "mime-types": {
      "version": "2.0.14",
      "resolved": "https://registry.npmjs.org/mime-types/-/mime-types-2.0.14.tgz",
      "integrity": "sha1-MQ4VnbI+B3+Lsit0jav6SVcUCqY=",
      "dev": true,
      "requires": {
        "mime-db": "~1.12.0"
      }
    },
    "parker-promise": {
      "version": "0.1.1",
      "resolved": "https://registry.npmjs.org/parker-promise/-/parker-promise-0.1.1.tgz",
      "integrity": "sha512-l1+K2w9Ql53GEQk1H2hgt6TAIWkfw60+PCcadYl9WulytXG66wkpzIERSkJohdU+9+RhvQZiacwlI/NKAgOn2A==",
      "dev": true
    }
  }
}
